
Microsoft Visual Studio Solution File, Format Version 12.00
# Visual Studio 15
VisualStudioVersion = 15.0.27130.2027
MinimumVisualStudioVersion = 10.0.40219.1
Project("{FAE04EC0-301F-11D3-BF4B-00C04F79EFBC}") = "WpfApp1", "WpfApp1\WpfApp1.csproj", "{D8D47A27-1E2C-4A98-BDC5-C219478C84CB}"
EndProject
Global
	GlobalSection(SolutionConfigurationPlatforms) = preSolution
		Debug|Any CPU = Debug|Any CPU
		Release|Any CPU = Release|Any CPU
	EndGlobalSection
	GlobalSection(ProjectConfigurationPlatforms) = postSolution
		{D8D47A27-1E2C-4A98-BDC5-C219478C84CB}.Debug|Any CPU.ActiveCfg = Debug|Any CPU
		{D8D47A27-1E2C-4A98-BDC5-C219478C84CB}.Debug|Any CPU.Build.0 = Debug|Any CPU
		{D8D47A27-1E2C-4A98-BDC5-C219478C84CB}.Release|Any CPU.ActiveCfg = Release|Any CPU
		{D8D47A27-1E2C-4A98-BDC5-C219478C84CB}.Release|Any CPU.Build.0 = Release|Any CPU
	EndGlobalSection
	GlobalSection(SolutionProperties) = preSolution
		HideSolutionNode = FALSE
	EndGlobalSection
	GlobalSection(ExtensibilityGlobals) = postSolution
		SolutionGuid = {8A3F4A77-B2CB-43BF-A856-D7C9602787B2}
	EndGlobalSection
EndGlobal
